// !$*UTF8*$!
{
	archiveVersion = 1;
	classes = {
	};
	objectVersion = 50;
	objects = {

/* Begin PBXBuildFile section */
		5CD011B72427EE3E00C7A9BE /* AppDelegate.swift in Sources */ = {isa = PBXBuildFile; fileRef = 5CD011B62427EE3E00C7A9BE /* AppDelegate.swift */; };
		5CD011B92427EE3E00C7A9BE /* SceneDelegate.swift in Sources */ = {isa = PBXBuildFile; fileRef = 5CD011B82427EE3E00C7A9BE /* SceneDelegate.swift */; };
		5CD011BE2427EE3E00C7A9BE /* Main.storyboard in Resources */ = {isa = PBXBuildFile; fileRef = 5CD011BC2427EE3E00C7A9BE /* Main.storyboard */; };
		5CD011C12427EE3E00C7A9BE /* MyPlaces.xcdatamodeld in Sources */ = {isa = PBXBuildFile; fileRef = 5CD011BF2427EE3E00C7A9BE /* MyPlaces.xcdatamodeld */; };
		5CD011C32427EE3F00C7A9BE /* Assets.xcassets in Resources */ = {isa = PBXBuildFile; fileRef = 5CD011C22427EE3F00C7A9BE /* Assets.xcassets */; };
		5CD011C62427EE3F00C7A9BE /* LaunchScreen.storyboard in Resources */ = {isa = PBXBuildFile; fileRef = 5CD011C42427EE3F00C7A9BE /* LaunchScreen.storyboard */; };
		5CD011D12427EE3F00C7A9BE /* MyPlacesTests.swift in Sources */ = {isa = PBXBuildFile; fileRef = 5CD011D02427EE3F00C7A9BE /* MyPlacesTests.swift */; };
		5CD011DC2427EE3F00C7A9BE /* MyPlacesUITests.swift in Sources */ = {isa = PBXBuildFile; fileRef = 5CD011DB2427EE3F00C7A9BE /* MyPlacesUITests.swift */; };
		5CD011EA2427F20F00C7A9BE /* MainViewController.swift in Sources */ = {isa = PBXBuildFile; fileRef = 5CD011E92427F20F00C7A9BE /* MainViewController.swift */; };
		5CD011EC2429416200C7A9BE /* CustomTableViewCell.swift in Sources */ = {isa = PBXBuildFile; fileRef = 5CD011EB2429416200C7A9BE /* CustomTableViewCell.swift */; };
		5CD011EE2429480200C7A9BE /* PlacesModel.swift in Sources */ = {isa = PBXBuildFile; fileRef = 5CD011ED2429480200C7A9BE /* PlacesModel.swift */; };
		5CD011F2242B83F700C7A9BE /* NewPlaceTableViewController.swift in Sources */ = {isa = PBXBuildFile; fileRef = 5CD011F1242B83F700C7A9BE /* NewPlaceTableViewController.swift */; };
/* End PBXBuildFile section */

/* Begin PBXContainerItemProxy section */
		5CD011CD2427EE3F00C7A9BE /* PBXContainerItemProxy */ = {
			isa = PBXContainerItemProxy;
			containerPortal = 5CD011AB2427EE3E00C7A9BE /* Project object */;
			proxyType = 1;
			remoteGlobalIDString = 5CD011B22427EE3E00C7A9BE;
			remoteInfo = MyPlaces;
		};
		5CD011D82427EE3F00C7A9BE /* PBXContainerItemProxy */ = {
			isa = PBXContainerItemProxy;
			containerPortal = 5CD011AB2427EE3E00C7A9BE /* Project object */;
			proxyType = 1;
			remoteGlobalIDString = 5CD011B22427EE3E00C7A9BE;
			remoteInfo = MyPlaces;
		};
/* End PBXContainerItemProxy section */

/* Begin PBXFileReference section */
		5CD011B32427EE3E00C7A9BE /* MyPlaces.app */ = {isa = PBXFileReference; explicitFileType = wrapper.application; includeInIndex = 0; path = MyPlaces.app; sourceTree = BUILT_PRODUCTS_DIR; };
		5CD011B62427EE3E00C7A9BE /* AppDelegate.swift */ = {isa = PBXFileReference; lastKnownFileType = sourcecode.swift; path = AppDelegate.swift; sourceTree = "<group>"; };
		5CD011B82427EE3E00C7A9BE /* SceneDelegate.swift */ = {isa = PBXFileReference; lastKnownFileType = sourcecode.swift; path = SceneDelegate.swift; sourceTree = "<group>"; };
		5CD011BD2427EE3E00C7A9BE /* Base */ = {isa = PBXFileReference; lastKnownFileType = file.storyboard; name = Base; path = Base.lproj/Main.storyboard; sourceTree = "<group>"; };
		5CD011C02427EE3E00C7A9BE /* MyPlaces.xcdatamodel */ = {isa = PBXFileReference; lastKnownFileType = wrapper.xcdatamodel; path = MyPlaces.xcdatamodel; sourceTree = "<group>"; };
		5CD011C22427EE3F00C7A9BE /* Assets.xcassets */ = {isa = PBXFileReference; lastKnownFileType = folder.assetcatalog; path = Assets.xcassets; sourceTree = "<group>"; };
		5CD011C52427EE3F00C7A9BE /* Base */ = {isa = PBXFileReference; lastKnownFileType = file.storyboard; name = Base; path = Base.lproj/LaunchScreen.storyboard; sourceTree = "<group>"; };
		5CD011C72427EE3F00C7A9BE /* Info.plist */ = {isa = PBXFileReference; lastKnownFileType = text.plist.xml; path = Info.plist; sourceTree = "<group>"; };
		5CD011CC2427EE3F00C7A9BE /* MyPlacesTests.xctest */ = {isa = PBXFileReference; explicitFileType = wrapper.cfbundle; includeInIndex = 0; path = MyPlacesTests.xctest; sourceTree = BUILT_PRODUCTS_DIR; };
		5CD011D02427EE3F00C7A9BE /* MyPlacesTests.swift */ = {isa = PBXFileReference; lastKnownFileType = sourcecode.swift; path = MyPlacesTests.swift; sourceTree = "<group>"; };
		5CD011D22427EE3F00C7A9BE /* Info.plist */ = {isa = PBXFileReference; lastKnownFileType = text.plist.xml; path = Info.plist; sourceTree = "<group>"; };
		5CD011D72427EE3F00C7A9BE /* MyPlacesUITests.xctest */ = {isa = PBXFileReference; explicitFileType = wrapper.cfbundle; includeInIndex = 0; path = MyPlacesUITests.xctest; sourceTree = BUILT_PRODUCTS_DIR; };
		5CD011DB2427EE3F00C7A9BE /* MyPlacesUITests.swift */ = {isa = PBXFileReference; lastKnownFileType = sourcecode.swift; path = MyPlacesUITests.swift; sourceTree = "<group>"; };
		5CD011DD2427EE3F00C7A9BE /* Info.plist */ = {isa = PBXFileReference; lastKnownFileType = text.plist.xml; path = Info.plist; sourceTree = "<group>"; };
		5CD011E92427F20F00C7A9BE /* MainViewController.swift */ = {isa = PBXFileReference; lastKnownFileType = sourcecode.swift; path = MainViewController.swift; sourceTree = "<group>"; };
		5CD011EB2429416200C7A9BE /* CustomTableViewCell.swift */ = {isa = PBXFileReference; lastKnownFileType = sourcecode.swift; path = CustomTableViewCell.swift; sourceTree = "<group>"; };
		5CD011ED2429480200C7A9BE /* PlacesModel.swift */ = {isa = PBXFileReference; lastKnownFileType = sourcecode.swift; path = PlacesModel.swift; sourceTree = "<group>"; };
		5CD011F1242B83F700C7A9BE /* NewPlaceTableViewController.swift */ = {isa = PBXFileReference; lastKnownFileType = sourcecode.swift; path = NewPlaceTableViewController.swift; sourceTree = "<group>"; };
/* End PBXFileReference section */

/* Begin PBXFrameworksBuildPhase section */
		5CD011B02427EE3E00C7A9BE /* Frameworks */ = {
			isa = PBXFrameworksBuildPhase;
			buildActionMask = 2147483647;
			files = (
			);
			runOnlyForDeploymentPostprocessing = 0;
		};
		5CD011C92427EE3F00C7A9BE /* Frameworks */ = {
			isa = PBXFrameworksBuildPhase;
			buildActionMask = 2147483647;
			files = (
			);
			runOnlyForDeploymentPostprocessing = 0;
		};
		5CD011D42427EE3F00C7A9BE /* Frameworks */ = {
			isa = PBXFrameworksBuildPhase;
			buildActionMask = 2147483647;
			files = (
			);
			runOnlyForDeploymentPostprocessing = 0;
		};
/* End PBXFrameworksBuildPhase section */

/* Begin PBXGroup section */
		5CD011AA2427EE3E00C7A9BE = {
			isa = PBXGroup;
			children = (
				5CD011B52427EE3E00C7A9BE /* MyPlaces */,
				5CD011CF2427EE3F00C7A9BE /* MyPlacesTests */,
				5CD011DA2427EE3F00C7A9BE /* MyPlacesUITests */,
				5CD011B42427EE3E00C7A9BE /* Products */,
			);
			sourceTree = "<group>";
		};
		5CD011B42427EE3E00C7A9BE /* Products */ = {
			isa = PBXGroup;
			children = (
				5CD011B32427EE3E00C7A9BE /* MyPlaces.app */,
				5CD011CC2427EE3F00C7A9BE /* MyPlacesTests.xctest */,
				5CD011D72427EE3F00C7A9BE /* MyPlacesUITests.xctest */,
			);
			name = Products;
			sourceTree = "<group>";
		};
		5CD011B52427EE3E00C7A9BE /* MyPlaces */ = {
			isa = PBXGroup;
			children = (
				5CD011B62427EE3E00C7A9BE /* AppDelegate.swift */,
				5CD011B82427EE3E00C7A9BE /* SceneDelegate.swift */,
				5CD011E92427F20F00C7A9BE /* MainViewController.swift */,
				5CD011ED2429480200C7A9BE /* PlacesModel.swift */,
				5CD011EB2429416200C7A9BE /* CustomTableViewCell.swift */,
				5CD011F1242B83F700C7A9BE /* NewPlaceTableViewController.swift */,
				5CD011BC2427EE3E00C7A9BE /* Main.storyboard */,
				5CD011C22427EE3F00C7A9BE /* Assets.xcassets */,
				5CD011C42427EE3F00C7A9BE /* LaunchScreen.storyboard */,
				5CD011C72427EE3F00C7A9BE /* Info.plist */,
				5CD011BF2427EE3E00C7A9BE /* MyPlaces.xcdatamodeld */,
			);
			path = MyPlaces;
			sourceTree = "<group>";
		};
		5CD011CF2427EE3F00C7A9BE /* MyPlacesTests */ = {
			isa = PBXGroup;
			children = (
				5CD011D02427EE3F00C7A9BE /* MyPlacesTests.swift */,
				5CD011D22427EE3F00C7A9BE /* Info.plist */,
			);
			path = MyPlacesTests;
			sourceTree = "<group>";
		};
		5CD011DA2427EE3F00C7A9BE /* MyPlacesUITests */ = {
			isa = PBXGroup;
			children = (
				5CD011DB2427EE3F00C7A9BE /* MyPlacesUITests.swift */,
				5CD011DD2427EE3F00C7A9BE /* Info.plist */,
			);
			path = MyPlacesUITests;
			sourceTree = "<group>";
		};
/* End PBXGroup section */

/* Begin PBXNativeTarget section */
		5CD011B22427EE3E00C7A9BE /* MyPlaces */ = {
			isa = PBXNativeTarget;
			buildConfigurationList = 5CD011E02427EE3F00C7A9BE /* Build configuration list for PBXNativeTarget "MyPlaces" */;
			buildPhases = (
				5CD011AF2427EE3E00C7A9BE /* Sources */,
				5CD011B02427EE3E00C7A9BE /* Frameworks */,
				5CD011B12427EE3E00C7A9BE /* Resources */,
			);
			buildRules = (
			);
			dependencies = (
			);
			name = MyPlaces;
			productName = MyPlaces;
			productReference = 5CD011B32427EE3E00C7A9BE /* MyPlaces.app */;
			productType = "com.apple.product-type.application";
		};
		5CD011CB2427EE3F00C7A9BE /* MyPlacesTests */ = {
			isa = PBXNativeTarget;
			buildConfigurationList = 5CD011E32427EE3F00C7A9BE /* Build configuration list for PBXNativeTarget "MyPlacesTests" */;
			buildPhases = (
				5CD011C82427EE3F00C7A9BE /* Sources */,
				5CD011C92427EE3F00C7A9BE /* Frameworks */,
				5CD011CA2427EE3F00C7A9BE /* Resources */,
			);
			buildRules = (
			);
			dependencies = (
				5CD011CE2427EE3F00C7A9BE /* PBXTargetDependency */,
			);
			name = MyPlacesTests;
			productName = MyPlacesTests;
			productReference = 5CD011CC2427EE3F00C7A9BE /* MyPlacesTests.xctest */;
			productType = "com.apple.product-type.bundle.unit-test";
		};
		5CD011D62427EE3F00C7A9BE /* MyPlacesUITests */ = {
			isa = PBXNativeTarget;
			buildConfigurationList = 5CD011E62427EE3F00C7A9BE /* Build configuration list for PBXNativeTarget "MyPlacesUITests" */;
			buildPhases = (
				5CD011D32427EE3F00C7A9BE /* Sources */,
				5CD011D42427EE3F00C7A9BE /* Frameworks */,
				5CD011D52427EE3F00C7A9BE /* Resources */,
			);
			buildRules = (
			);
			dependencies = (
				5CD011D92427EE3F00C7A9BE /* PBXTargetDependency */,
			);
			name = MyPlacesUITests;
			productName = MyPlacesUITests;
			productReference = 5CD011D72427EE3F00C7A9BE /* MyPlacesUITests.xctest */;
			productType = "com.apple.product-type.bundle.ui-testing";
		};
/* End PBXNativeTarget section */

/* Begin PBXProject section */
		5CD011AB2427EE3E00C7A9BE /* Project object */ = {
			isa = PBXProject;
			attributes = {
				LastSwiftUpdateCheck = 1130;
				LastUpgradeCheck = 1130;
				ORGANIZATIONNAME = MaximRezvanov;
				TargetAttributes = {
					5CD011B22427EE3E00C7A9BE = {
						CreatedOnToolsVersion = 11.3.1;
					};
					5CD011CB2427EE3F00C7A9BE = {
						CreatedOnToolsVersion = 11.3.1;
						TestTargetID = 5CD011B22427EE3E00C7A9BE;
					};
					5CD011D62427EE3F00C7A9BE = {
						CreatedOnToolsVersion = 11.3.1;
						TestTargetID = 5CD011B22427EE3E00C7A9BE;
					};
				};
			};
			buildConfigurationList = 5CD011AE2427EE3E00C7A9BE /* Build configuration list for PBXProject "MyPlaces" */;
			compatibilityVersion = "Xcode 9.3";
			developmentRegion = en;
			hasScannedForEncodings = 0;
			knownRegions = (
				en,
				Base,
			);
			mainGroup = 5CD011AA2427EE3E00C7A9BE;
			productRefGroup = 5CD011B42427EE3E00C7A9BE /* Products */;
			projectDirPath = "";
			projectRoot = "";
			targets = (
				5CD011B22427EE3E00C7A9BE /* MyPlaces */,
				5CD011CB2427EE3F00C7A9BE /* MyPlacesTests */,
				5CD011D62427EE3F00C7A9BE /* MyPlacesUITests */,
			);
		};
/* End PBXProject section */

/* Begin PBXResourcesBuildPhase section */
		5CD011B12427EE3E00C7A9BE /* Resources */ = {
			isa = PBXResourcesBuildPhase;
			buildActionMask = 2147483647;
			files = (
				5CD011C62427EE3F00C7A9BE /* LaunchScreen.storyboard in Resources */,
				5CD011C32427EE3F00C7A9BE /* Assets.xcassets in Resources */,
				5CD011BE2427EE3E00C7A9BE /* Main.storyboard in Resources */,
			);
			runOnlyForDeploymentPostprocessing = 0;
		};
		5CD011CA2427EE3F00C7A9BE /* Resources */ = {
			isa = PBXResourcesBuildPhase;
			buildActionMask = 2147483647;
			files = (
			);
			runOnlyForDeploymentPostprocessing = 0;
		};
		5CD011D52427EE3F00C7A9BE /* Resources */ = {
			isa = PBXResourcesBuildPhase;
			buildActionMask = 2147483647;
			files = (
			);
			runOnlyForDeploymentPostprocessing = 0;
		};
/* End PBXResourcesBuildPhase section */

/* Begin PBXSourcesBuildPhase section */
		5CD011AF2427EE3E00C7A9BE /* Sources */ = {
			isa = PBXSourcesBuildPhase;
			buildActionMask = 2147483647;
			files = (
				5CD011B72427EE3E00C7A9BE /* AppDelegate.swift in Sources */,
				5CD011EC2429416200C7A9BE /* CustomTableViewCell.swift in Sources */,
				5CD011B92427EE3E00C7A9BE /* SceneDelegate.swift in Sources */,
				5CD011C12427EE3E00C7A9BE /* MyPlaces.xcdatamodeld in Sources */,
				5CD011EA2427F20F00C7A9BE /* MainViewController.swift in Sources */,
				5CD011EE2429480200C7A9BE /* PlacesModel.swift in Sources */,
				5CD011F2242B83F700C7A9BE /* NewPlaceTableViewController.swift in Sources */,
			);
			runOnlyForDeploymentPostprocessing = 0;
		};
		5CD011C82427EE3F00C7A9BE /* Sources */ = {
			isa = PBXSourcesBuildPhase;
			buildActionMask = 2147483647;
			files = (
				5CD011D12427EE3F00C7A9BE /* MyPlacesTests.swift in Sources */,
			);
			runOnlyForDeploymentPostprocessing = 0;
		};
		5CD011D32427EE3F00C7A9BE /* Sources */ = {
			isa = PBXSourcesBuildPhase;
			buildActionMask = 2147483647;
			files = (
				5CD011DC2427EE3F00C7A9BE /* MyPlacesUITests.swift in Sources */,
			);
			runOnlyForDeploymentPostprocessing = 0;
		};
/* End PBXSourcesBuildPhase section */

/* Begin PBXTargetDependency section */
		5CD011CE2427EE3F00C7A9BE /* PBXTargetDependency */ = {
			isa = PBXTargetDependency;
			target = 5CD011B22427EE3E00C7A9BE /* MyPlaces */;
			targetProxy = 5CD011CD2427EE3F00C7A9BE /* PBXContainerItemProxy */;
		};
		5CD011D92427EE3F00C7A9BE /* PBXTargetDependency */ = {
			isa = PBXTargetDependency;
			target = 5CD011B22427EE3E00C7A9BE /* MyPlaces */;
			targetProxy = 5CD011D82427EE3F00C7A9BE /* PBXContainerItemProxy */;
		};
/* End PBXTargetDependency section */

/* Begin PBXVariantGroup section */
		5CD011BC2427EE3E00C7A9BE /* Main.storyboard */ = {
			isa = PBXVariantGroup;
			children = (
				5CD011BD2427EE3E00C7A9BE /* Base */,
			);
			name = Main.storyboard;
			sourceTree = "<group>";
		};
		5CD011C42427EE3F00C7A9BE /* LaunchScreen.storyboard */ = {
			isa = PBXVariantGroup;
			children = (
				5CD011C52427EE3F00C7A9BE /* Base */,
			);
			name = LaunchScreen.storyboard;
			sourceTree = "<group>";
		};
/* End PBXVariantGroup section */

/* Begin XCBuildConfiguration section */
		5CD011DE2427EE3F00C7A9BE /* Debug */ = {
			isa = XCBuildConfiguration;
			buildSettings = {
				ALWAYS_SEARCH_USER_PATHS = NO;
				CLANG_ANALYZER_NONNULL = YES;
				CLANG_ANALYZER_NUMBER_OBJECT_CONVERSION = YES_AGGRESSIVE;
				CLANG_CXX_LANGUAGE_STANDARD = "gnu++14";
				CLANG_CXX_LIBRARY = "libc++";
				CLANG_ENABLE_MODULES = YES;
				CLANG_ENABLE_OBJC_ARC = YES;
				CLANG_ENABLE_OBJC_WEAK = YES;
				CLANG_WARN_BLOCK_CAPTURE_AUTORELEASING = YES;
				CLANG_WARN_BOOL_CONVERSION = YES;
				CLANG_WARN_COMMA = YES;
				CLANG_WARN_CONSTANT_CONVERSION = YES;
				CLANG_WARN_DEPRECATED_OBJC_IMPLEMENTATIONS = YES;
				CLANG_WARN_DIRECT_OBJC_ISA_USAGE = YES_ERROR;
				CLANG_WARN_DOCUMENTATION_COMMENTS = YES;
				CLANG_WARN_EMPTY_BODY = YES;
				CLANG_WARN_ENUM_CONVERSION = YES;
				CLANG_WARN_INFINITE_RECURSION = YES;
				CLANG_WARN_INT_CONVERSION = YES;
				CLANG_WARN_NON_LITERAL_NULL_CONVERSION = YES;
				CLANG_WARN_OBJC_IMPLICIT_RETAIN_SELF = YES;
				CLANG_WARN_OBJC_LITERAL_CONVERSION = YES;
				CLANG_WARN_OBJC_ROOT_CLASS = YES_ERROR;
				CLANG_WARN_RANGE_LOOP_ANALYSIS = YES;
				CLANG_WARN_STRICT_PROTOTYPES = YES;
				CLANG_WARN_SUSPICIOUS_MOVE = YES;
				CLANG_WARN_UNGUARDED_AVAILABILITY = YES_AGGRESSIVE;
				CLANG_WARN_UNREACHABLE_CODE = YES;
				CLANG_WARN__DUPLICATE_METHOD_MATCH = YES;
				COPY_PHASE_STRIP = NO;
				DEBUG_INFORMATION_FORMAT = dwarf;
				ENABLE_STRICT_OBJC_MSGSEND = YES;
				ENABLE_TESTABILITY = YES;
				GCC_C_LANGUAGE_STANDARD = gnu11;
				GCC_DYNAMIC_NO_PIC = NO;
				GCC_NO_COMMON_BLOCKS = YES;
				GCC_OPTIMIZATION_LEVEL = 0;
				GCC_PREPROCESSOR_DEFINITIONS = (
					"DEBUG=1",
					"$(inherited)",
				);
				GCC_WARN_64_TO_32_BIT_CONVERSION = YES;
				GCC_WARN_ABOUT_RETURN_TYPE = YES_ERROR;
				GCC_WARN_UNDECLARED_SELECTOR = YES;
				GCC_WARN_UNINITIALIZED_AUTOS = YES_AGGRESSIVE;
				GCC_WARN_UNUSED_FUNCTION = YES;
				GCC_WARN_UNUSED_VARIABLE = YES;
				IPHONEOS_DEPLOYMENT_TARGET = 13.2;
				MTL_ENABLE_DEBUG_INFO = INCLUDE_SOURCE;
				MTL_FAST_MATH = YES;
				ONLY_ACTIVE_ARCH = YES;
				SDKROOT = iphoneos;
				SWIFT_ACTIVE_COMPILATION_CONDITIONS = DEBUG;
				SWIFT_OPTIMIZATION_LEVEL = "-Onone";
			};
			name = Debug;
		};
		5CD011DF2427EE3F00C7A9BE /* Release */ = {
			isa = XCBuildConfiguration;
			buildSettings = {
				ALWAYS_SEARCH_USER_PATHS = NO;
				CLANG_ANALYZER_NONNULL = YES;
				CLANG_ANALYZER_NUMBER_OBJECT_CONVERSION = YES_AGGRESSIVE;
				CLANG_CXX_LANGUAGE_STANDARD = "gnu++14";
				CLANG_CXX_LIBRARY = "libc++";
				CLANG_ENABLE_MODULES = YES;
				CLANG_ENABLE_OBJC_ARC = YES;
				CLANG_ENABLE_OBJC_WEAK = YES;
				CLANG_WARN_BLOCK_CAPTURE_AUTORELEASING = YES;
				CLANG_WARN_BOOL_CONVERSION = YES;
				CLANG_WARN_COMMA = YES;
				CLANG_WARN_CONSTANT_CONVERSION = YES;
				CLANG_WARN_DEPRECATED_OBJC_IMPLEMENTATIONS = YES;
				CLANG_WARN_DIRECT_OBJC_ISA_USAGE = YES_ERROR;
				CLANG_WARN_DOCUMENTATION_COMMENTS = YES;
				CLANG_WARN_EMPTY_BODY = YES;
				CLANG_WARN_ENUM_CONVERSION = YES;
				CLANG_WARN_INFINITE_RECURSION = YES;
				CLANG_WARN_INT_CONVERSION = YES;
				CLANG_WARN_NON_LITERAL_NULL_CONVERSION = YES;
				CLANG_WARN_OBJC_IMPLICIT_RETAIN_SELF = YES;
				CLANG_WARN_OBJC_LITERAL_CONVERSION = YES;
				CLANG_WARN_OBJC_ROOT_CLASS = YES_ERROR;
				CLANG_WARN_RANGE_LOOP_ANALYSIS = YES;
				CLANG_WARN_STRICT_PROTOTYPES = YES;
				CLANG_WARN_SUSPICIOUS_MOVE = YES;
				CLANG_WARN_UNGUARDED_AVAILABILITY = YES_AGGRESSIVE;
				CLANG_WARN_UNREACHABLE_CODE = YES;
				CLANG_WARN__DUPLICATE_METHOD_MATCH = YES;
				COPY_PHASE_STRIP = NO;
				DEBUG_INFORMATION_FORMAT = "dwarf-with-dsym";
				ENABLE_NS_ASSERTIONS = NO;
				ENABLE_STRICT_OBJC_MSGSEND = YES;
				GCC_C_LANGUAGE_STANDARD = gnu11;
				GCC_NO_COMMON_BLOCKS = YES;
				GCC_WARN_64_TO_32_BIT_CONVERSION = YES;
				GCC_WARN_ABOUT_RETURN_TYPE = YES_ERROR;
				GCC_WARN_UNDECLARED_SELECTOR = YES;
				GCC_WARN_UNINITIALIZED_AUTOS = YES_AGGRESSIVE;
				GCC_WARN_UNUSED_FUNCTION = YES;
				GCC_WARN_UNUSED_VARIABLE = YES;
				IPHONEOS_DEPLOYMENT_TARGET = 13.2;
				MTL_ENABLE_DEBUG_INFO = NO;
				MTL_FAST_MATH = YES;
				SDKROOT = iphoneos;
				SWIFT_COMPILATION_MODE = wholemodule;
				SWIFT_OPTIMIZATION_LEVEL = "-O";
				VALIDATE_PRODUCT = YES;
			};
			name = Release;
		};
		5CD011E12427EE3F00C7A9BE /* Debug */ = {
			isa = XCBuildConfiguration;
			buildSettings = {
				ASSETCATALOG_COMPILER_APPICON_NAME = AppIcon;
				CODE_SIGN_STYLE = Automatic;
				DEVELOPMENT_TEAM = 34KRSRM7H5;
				INFOPLIST_FILE = MyPlaces/Info.plist;
				LD_RUNPATH_SEARCH_PATHS = (
					"$(inherited)",
					"@executable_path/Frameworks",
				);
				PRODUCT_BUNDLE_IDENTIFIER = MR.MyPlaces;
				PRODUCT_NAME = "$(TARGET_NAME)";
				SWIFT_VERSION = 5.0;
				TARGETED_DEVICE_FAMILY = "1,2";
			};
			name = Debug;
		};
		5CD011E22427EE3F00C7A9BE /* Release */ = {
			isa = XCBuildConfiguration;
			buildSettings = {
				ASSETCATALOG_COMPILER_APPICON_NAME = AppIcon;
				CODE_SIGN_STYLE = Automatic;
				DEVELOPMENT_TEAM = 34KRSRM7H5;
				INFOPLIST_FILE = MyPlaces/Info.plist;
				LD_RUNPATH_SEARCH_PATHS = (
					"$(inherited)",
					"@executable_path/Frameworks",
				);
				PRODUCT_BUNDLE_IDENTIFIER = MR.MyPlaces;
				PRODUCT_NAME = "$(TARGET_NAME)";
				SWIFT_VERSION = 5.0;
				TARGETED_DEVICE_FAMILY = "1,2";
			};
			name = Release;
		};
		5CD011E42427EE3F00C7A9BE /* Debug */ = {
			isa = XCBuildConfiguration;
			buildSettings = {
				ALWAYS_EMBED_SWIFT_STANDARD_LIBRARIES = YES;
				BUNDLE_LOADER = "$(TEST_HOST)";
				CODE_SIGN_STYLE = Automatic;
				DEVELOPMENT_TEAM = 34KRSRM7H5;
				INFOPLIST_FILE = MyPlacesTests/Info.plist;
				IPHONEOS_DEPLOYMENT_TARGET = 13.2;
				LD_RUNPATH_SEARCH_PATHS = (
					"$(inherited)",
					"@executable_path/Frameworks",
					"@loader_path/Frameworks",
				);
				PRODUCT_BUNDLE_IDENTIFIER = MR.MyPlacesTests;
				PRODUCT_NAME = "$(TARGET_NAME)";
				SWIFT_VERSION = 5.0;
				TARGETED_DEVICE_FAMILY = "1,2";
				TEST_HOST = "$(BUILT_PRODUCTS_DIR)/MyPlaces.app/MyPlaces";
			};
			name = Debug;
		};
		5CD011E52427EE3F00C7A9BE /* Release */ = {
			isa = XCBuildConfiguration;
			buildSettings = {
				ALWAYS_EMBED_SWIFT_STANDARD_LIBRARIES = YES;
				BUNDLE_LOADER = "$(TEST_HOST)";
				CODE_SIGN_STYLE = Automatic;
				DEVELOPMENT_TEAM = 34KRSRM7H5;
				INFOPLIST_FILE = MyPlacesTests/Info.plist;
				IPHONEOS_DEPLOYMENT_TARGET = 13.2;
				LD_RUNPATH_SEARCH_PATHS = (
					"$(inherited)",
					"@executable_path/Frameworks",
					"@loader_path/Frameworks",
				);
				PRODUCT_BUNDLE_IDENTIFIER = MR.MyPlacesTests;
				PRODUCT_NAME = "$(TARGET_NAME)";
				SWIFT_VERSION = 5.0;
				TARGETED_DEVICE_FAMILY = "1,2";
				TEST_HOST = "$(BUILT_PRODUCTS_DIR)/MyPlaces.app/MyPlaces";
			};
			name = Release;
		};
		5CD011E72427EE3F00C7A9BE /* Debug */ = {
			isa = XCBuildConfiguration;
			buildSettings = {
				ALWAYS_EMBED_SWIFT_STANDARD_LIBRARIES = YES;
				CODE_SIGN_STYLE = Automatic;
				DEVELOPMENT_TEAM = 34KRSRM7H5;
				INFOPLIST_FILE = MyPlacesUITests/Info.plist;
				LD_RUNPATH_SEARCH_PATHS = (
					"$(inherited)",
					"@executable_path/Frameworks",
					"@loader_path/Frameworks",
				);
				PRODUCT_BUNDLE_IDENTIFIER = MR.MyPlacesUITests;
				PRODUCT_NAME = "$(TARGET_NAME)";
				SWIFT_VERSION = 5.0;
				TARGETED_DEVICE_FAMILY = "1,2";
				TEST_TARGET_NAME = MyPlaces;
			};
			name = Debug;
		};
		5CD011E82427EE3F00C7A9BE /* Release */ = {
			isa = XCBuildConfiguration;
			buildSettings = {
				ALWAYS_EMBED_SWIFT_STANDARD_LIBRARIES = YES;
				CODE_SIGN_STYLE = Automatic;
				DEVELOPMENT_TEAM = 34KRSRM7H5;
				INFOPLIST_FILE = MyPlacesUITests/Info.plist;
				LD_RUNPATH_SEARCH_PATHS = (
					"$(inherited)",
					"@executable_path/Frameworks",
					"@loader_path/Frameworks",
				);
				PRODUCT_BUNDLE_IDENTIFIER = MR.MyPlacesUITests;
				PRODUCT_NAME = "$(TARGET_NAME)";
				SWIFT_VERSION = 5.0;
				TARGETED_DEVICE_FAMILY = "1,2";
				TEST_TARGET_NAME = MyPlaces;
			};
			name = Release;
		};
/* End XCBuildConfiguration section */

/* Begin XCConfigurationList section */
		5CD011AE2427EE3E00C7A9BE /* Build configuration list for PBXProject "MyPlaces" */ = {
			isa = XCConfigurationList;
			buildConfigurations = (
				5CD011DE2427EE3F00C7A9BE /* Debug */,
				5CD011DF2427EE3F00C7A9BE /* Release */,
			);
			defaultConfigurationIsVisible = 0;
			defaultConfigurationName = Release;
		};
		5CD011E02427EE3F00C7A9BE /* Build configuration list for PBXNativeTarget "MyPlaces" */ = {
			isa = XCConfigurationList;
			buildConfigurations = (
				5CD011E12427EE3F00C7A9BE /* Debug */,
				5CD011E22427EE3F00C7A9BE /* Release */,
			);
			defaultConfigurationIsVisible = 0;
			defaultConfigurationName = Release;
		};
		5CD011E32427EE3F00C7A9BE /* Build configuration list for PBXNativeTarget "MyPlacesTests" */ = {
			isa = XCConfigurationList;
			buildConfigurations = (
				5CD011E42427EE3F00C7A9BE /* Debug */,
				5CD011E52427EE3F00C7A9BE /* Release */,
			);
			defaultConfigurationIsVisible = 0;
			defaultConfigurationName = Release;
		};
		5CD011E62427EE3F00C7A9BE /* Build configuration list for PBXNativeTarget "MyPlacesUITests" */ = {
			isa = XCConfigurationList;
			buildConfigurations = (
				5CD011E72427EE3F00C7A9BE /* Debug */,
				5CD011E82427EE3F00C7A9BE /* Release */,
			);
			defaultConfigurationIsVisible = 0;
			defaultConfigurationName = Release;
		};
/* End XCConfigurationList section */

/* Begin XCVersionGroup section */
		5CD011BF2427EE3E00C7A9BE /* MyPlaces.xcdatamodeld */ = {
			isa = XCVersionGroup;
			children = (
				5CD011C02427EE3E00C7A9BE /* MyPlaces.xcdatamodel */,
			);
			currentVersion = 5CD011C02427EE3E00C7A9BE /* MyPlaces.xcdatamodel */;
			path = MyPlaces.xcdatamodeld;
			sourceTree = "<group>";
			versionGroupType = wrapper.xcdatamodel;
		};
/* End XCVersionGroup section */
	};
	rootObject = 5CD011AB2427EE3E00C7A9BE /* Project object */;
}
